
Microsoft Visual Studio Solution File, Format Version 12.00
# Visual Studio Version 17
VisualStudioVersion = 17.0.31903.59
MinimumVisualStudioVersion = 10.0.40219.1
Project("{9A19103F-16F7-4668-BE54-9A1E7A4F7556}") = "ProjectEuler", "ProjectEuler\ProjectEuler.csproj", "{BE83AAA3-DB18-4893-B2E5-B169D0B55CB5}"
EndProject
Project("{9A19103F-16F7-4668-BE54-9A1E7A4F7556}") = "MauiProjectEuler", "MauiProjectEuler\MauiProjectEuler.csproj", "{A043985C-1589-44C9-923B-07501D00BC0C}"
EndProject
Project("{9A19103F-16F7-4668-BE54-9A1E7A4F7556}") = "RazorClassLibrary1", "RazorClassLibrary1\RazorClassLibrary1.csproj", "{3016A7E5-3D3B-47AA-90D1-1A187A55D348}"
EndProject
Global
	GlobalSection(SolutionConfigurationPlatforms) = preSolution
		Debug|Any CPU = Debug|Any CPU
		Release|Any CPU = Release|Any CPU
	EndGlobalSection
	GlobalSection(ProjectConfigurationPlatforms) = postSolution
		{BE83AAA3-DB18-4893-B2E5-B169D0B55CB5}.Debug|Any CPU.ActiveCfg = Debug|Any CPU
		{BE83AAA3-DB18-4893-B2E5-B169D0B55CB5}.Debug|Any CPU.Build.0 = Debug|Any CPU
		{BE83AAA3-DB18-4893-B2E5-B169D0B55CB5}.Release|Any CPU.ActiveCfg = Release|Any CPU
		{BE83AAA3-DB18-4893-B2E5-B169D0B55CB5}.Release|Any CPU.Build.0 = Release|Any CPU
		{A043985C-1589-44C9-923B-07501D00BC0C}.Debug|Any CPU.ActiveCfg = Debug|Any CPU
		{A043985C-1589-44C9-923B-07501D00BC0C}.Debug|Any CPU.Build.0 = Debug|Any CPU
		{A043985C-1589-44C9-923B-07501D00BC0C}.Debug|Any CPU.Deploy.0 = Debug|Any CPU
		{A043985C-1589-44C9-923B-07501D00BC0C}.Release|Any CPU.ActiveCfg = Release|Any CPU
		{A043985C-1589-44C9-923B-07501D00BC0C}.Release|Any CPU.Build.0 = Release|Any CPU
		{A043985C-1589-44C9-923B-07501D00BC0C}.Release|Any CPU.Deploy.0 = Release|Any CPU
		{3016A7E5-3D3B-47AA-90D1-1A187A55D348}.Debug|Any CPU.ActiveCfg = Debug|Any CPU
		{3016A7E5-3D3B-47AA-90D1-1A187A55D348}.Debug|Any CPU.Build.0 = Debug|Any CPU
		{3016A7E5-3D3B-47AA-90D1-1A187A55D348}.Release|Any CPU.ActiveCfg = Release|Any CPU
		{3016A7E5-3D3B-47AA-90D1-1A187A55D348}.Release|Any CPU.Build.0 = Release|Any CPU
	EndGlobalSection
	GlobalSection(SolutionProperties) = preSolution
		HideSolutionNode = FALSE
	EndGlobalSection
	GlobalSection(ExtensibilityGlobals) = postSolution
		SolutionGuid = {5CF017D8-570C-4693-974B-8116842B8412}
	EndGlobalSection
EndGlobal
